
Microsoft Visual Studio Solution File, Format Version 12.00
# Visual Studio Version 17
VisualStudioVersion = 17.14.36705.20 d17.14
MinimumVisualStudioVersion = 10.0.40219.1
Project("{FAE04EC0-301F-11D3-BF4B-00C04F79EFBC}") = "BinaryTreeEx", "BinaryTreeEx.csproj", "{0F2A6D2F-1006-4EED-AB39-5514B0839128}"
EndProject
Global
	GlobalSection(SolutionConfigurationPlatforms) = preSolution
		Debug|Any CPU = Debug|Any CPU
		Release|Any CPU = Release|Any CPU
	EndGlobalSection
	GlobalSection(ProjectConfigurationPlatforms) = postSolution
		{0F2A6D2F-1006-4EED-AB39-5514B0839128}.Debug|Any CPU.ActiveCfg = Debug|Any CPU
		{0F2A6D2F-1006-4EED-AB39-5514B0839128}.Debug|Any CPU.Build.0 = Debug|Any CPU
		{0F2A6D2F-1006-4EED-AB39-5514B0839128}.Release|Any CPU.ActiveCfg = Release|Any CPU
		{0F2A6D2F-1006-4EED-AB39-5514B0839128}.Release|Any CPU.Build.0 = Release|Any CPU
	EndGlobalSection
	GlobalSection(SolutionProperties) = preSolution
		HideSolutionNode = FALSE
	EndGlobalSection
	GlobalSection(ExtensibilityGlobals) = postSolution
		SolutionGuid = {5A014D0A-718A-441F-B706-CCE9D36A6B75}
	EndGlobalSection
EndGlobal
